
Microsoft Visual Studio Solution File, Format Version 12.00
# Visual Studio Version 17
VisualStudioVersion = 17.9.34728.123
MinimumVisualStudioVersion = 10.0.40219.1
Project("{2150E333-8FDC-42A3-9474-1A3956D46DE8}") = "UI", "UI", "{6F226899-FBC6-46B6-A225-7C25EAC34C5B}"
EndProject
Project("{2150E333-8FDC-42A3-9474-1A3956D46DE8}") = "Tools", "Tools", "{DF21DDD7-8BEF-4903-8E52-76623B09DD44}"
EndProject
Project("{2150E333-8FDC-42A3-9474-1A3956D46DE8}") = "Third", "Third", "{92530375-B115-466D-AFEB-EE49738E520D}"
EndProject
Project("{2150E333-8FDC-42A3-9474-1A3956D46DE8}") = "Data", "Data", "{7177E228-2AD0-4820-B584-83C534919025}"
EndProject
Project("{2150E333-8FDC-42A3-9474-1A3956D46DE8}") = "Docs", "Docs", "{EF37DB83-BE21-41F5-8CA1-93AE475A5355}"
	ProjectSection(SolutionItems) = preProject
		计划.txt = 计划.txt
		项目结构.txt = 项目结构.txt
	EndProjectSection
EndProject
Project("{2150E333-8FDC-42A3-9474-1A3956D46DE8}") = "Common", "Common", "{A6427F9F-FBC1-491F-8DF7-BC3FD9426F86}"
EndProject
Project("{2150E333-8FDC-42A3-9474-1A3956D46DE8}") = "Adapter", "Adapter", "{68105784-D6BA-438D-ACAB-8A5E2C1E3E52}"
EndProject
Project("{9A19103F-16F7-4668-BE54-9A1E7A4F7556}") = "AL.Demo", "AL.Demo\AL.Demo.csproj", "{D42F5A13-20F3-45B0-A2C8-4873A6F64BE5}"
EndProject
Project("{9A19103F-16F7-4668-BE54-9A1E7A4F7556}") = "AL.Common", "AL.Common\AL.Common.csproj", "{E5B643AF-4254-4C02-97AC-523C20ACE420}"
EndProject
Project("{9A19103F-16F7-4668-BE54-9A1E7A4F7556}") = "AL.Env", "AL.Env\AL.Env.csproj", "{E786B978-B378-4E61-8FF7-DD0622FCBBA3}"
EndProject
Project("{9A19103F-16F7-4668-BE54-9A1E7A4F7556}") = "AL.PC", "AL.PC\AL.PC.csproj", "{8A30C134-B361-40B8-A3B2-256C668D3849}"
EndProject
Project("{9A19103F-16F7-4668-BE54-9A1E7A4F7556}") = "Arvin.Extensions", "..\..\..\Arvin.Lib\Arvin.Extensions\Arvin.Extensions.csproj", "{6D4C1712-8D0A-4AF1-85BA-206E2564394D}"
EndProject
Project("{FAE04EC0-301F-11D3-BF4B-00C04F79EFBC}") = "AL.SysTool", "AL.SysTool\AL.SysTool.csproj", "{CA9251B3-C330-49B9-9FBE-6CE90D6E4E50}"
EndProject
Global
	GlobalSection(SolutionConfigurationPlatforms) = preSolution
		Debug|Any CPU = Debug|Any CPU
		Release|Any CPU = Release|Any CPU
	EndGlobalSection
	GlobalSection(ProjectConfigurationPlatforms) = postSolution
		{D42F5A13-20F3-45B0-A2C8-4873A6F64BE5}.Debug|Any CPU.ActiveCfg = Debug|Any CPU
		{D42F5A13-20F3-45B0-A2C8-4873A6F64BE5}.Debug|Any CPU.Build.0 = Debug|Any CPU
		{D42F5A13-20F3-45B0-A2C8-4873A6F64BE5}.Release|Any CPU.ActiveCfg = Release|Any CPU
		{D42F5A13-20F3-45B0-A2C8-4873A6F64BE5}.Release|Any CPU.Build.0 = Release|Any CPU
		{E5B643AF-4254-4C02-97AC-523C20ACE420}.Debug|Any CPU.ActiveCfg = Debug|Any CPU
		{E5B643AF-4254-4C02-97AC-523C20ACE420}.Debug|Any CPU.Build.0 = Debug|Any CPU
		{E5B643AF-4254-4C02-97AC-523C20ACE420}.Release|Any CPU.ActiveCfg = Release|Any CPU
		{E5B643AF-4254-4C02-97AC-523C20ACE420}.Release|Any CPU.Build.0 = Release|Any CPU
		{E786B978-B378-4E61-8FF7-DD0622FCBBA3}.Debug|Any CPU.ActiveCfg = Debug|Any CPU
		{E786B978-B378-4E61-8FF7-DD0622FCBBA3}.Debug|Any CPU.Build.0 = Debug|Any CPU
		{E786B978-B378-4E61-8FF7-DD0622FCBBA3}.Release|Any CPU.ActiveCfg = Release|Any CPU
		{E786B978-B378-4E61-8FF7-DD0622FCBBA3}.Release|Any CPU.Build.0 = Release|Any CPU
		{8A30C134-B361-40B8-A3B2-256C668D3849}.Debug|Any CPU.ActiveCfg = Debug|Any CPU
		{8A30C134-B361-40B8-A3B2-256C668D3849}.Debug|Any CPU.Build.0 = Debug|Any CPU
		{8A30C134-B361-40B8-A3B2-256C668D3849}.Release|Any CPU.ActiveCfg = Release|Any CPU
		{8A30C134-B361-40B8-A3B2-256C668D3849}.Release|Any CPU.Build.0 = Release|Any CPU
		{6D4C1712-8D0A-4AF1-85BA-206E2564394D}.Debug|Any CPU.ActiveCfg = Debug|Any CPU
		{6D4C1712-8D0A-4AF1-85BA-206E2564394D}.Debug|Any CPU.Build.0 = Debug|Any CPU
		{6D4C1712-8D0A-4AF1-85BA-206E2564394D}.Release|Any CPU.ActiveCfg = Release|Any CPU
		{6D4C1712-8D0A-4AF1-85BA-206E2564394D}.Release|Any CPU.Build.0 = Release|Any CPU
		{CA9251B3-C330-49B9-9FBE-6CE90D6E4E50}.Debug|Any CPU.ActiveCfg = Debug|Any CPU
		{CA9251B3-C330-49B9-9FBE-6CE90D6E4E50}.Debug|Any CPU.Build.0 = Debug|Any CPU
		{CA9251B3-C330-49B9-9FBE-6CE90D6E4E50}.Release|Any CPU.ActiveCfg = Release|Any CPU
		{CA9251B3-C330-49B9-9FBE-6CE90D6E4E50}.Release|Any CPU.Build.0 = Release|Any CPU
	EndGlobalSection
	GlobalSection(SolutionProperties) = preSolution
		HideSolutionNode = FALSE
	EndGlobalSection
	GlobalSection(NestedProjects) = preSolution
		{D42F5A13-20F3-45B0-A2C8-4873A6F64BE5} = {6F226899-FBC6-46B6-A225-7C25EAC34C5B}
		{E5B643AF-4254-4C02-97AC-523C20ACE420} = {A6427F9F-FBC1-491F-8DF7-BC3FD9426F86}
		{E786B978-B378-4E61-8FF7-DD0622FCBBA3} = {A6427F9F-FBC1-491F-8DF7-BC3FD9426F86}
		{8A30C134-B361-40B8-A3B2-256C668D3849} = {A6427F9F-FBC1-491F-8DF7-BC3FD9426F86}
		{6D4C1712-8D0A-4AF1-85BA-206E2564394D} = {A6427F9F-FBC1-491F-8DF7-BC3FD9426F86}
		{CA9251B3-C330-49B9-9FBE-6CE90D6E4E50} = {6F226899-FBC6-46B6-A225-7C25EAC34C5B}
	EndGlobalSection
	GlobalSection(ExtensibilityGlobals) = postSolution
		SolutionGuid = {85A50299-E7D6-4F8C-B944-DCA11B572182}
	EndGlobalSection
EndGlobal
